
Microsoft Visual Studio Solution File, Format Version 12.00
# Visual Studio Version 17
VisualStudioVersion = 17.6.33815.320
MinimumVisualStudioVersion = 10.0.40219.1
Project("{FAE04EC0-301F-11D3-BF4B-00C04F79EFBC}") = "BookMVC", "BookMVC.csproj", "{29C0329F-549E-496E-87FE-4CEB76EA34EB}"
EndProject
Global
	GlobalSection(SolutionConfigurationPlatforms) = preSolution
		Debug|Any CPU = Debug|Any CPU
		Release|Any CPU = Release|Any CPU
	EndGlobalSection
	GlobalSection(ProjectConfigurationPlatforms) = postSolution
		{29C0329F-549E-496E-87FE-4CEB76EA34EB}.Debug|Any CPU.ActiveCfg = Debug|Any CPU
		{29C0329F-549E-496E-87FE-4CEB76EA34EB}.Debug|Any CPU.Build.0 = Debug|Any CPU
		{29C0329F-549E-496E-87FE-4CEB76EA34EB}.Release|Any CPU.ActiveCfg = Release|Any CPU
		{29C0329F-549E-496E-87FE-4CEB76EA34EB}.Release|Any CPU.Build.0 = Release|Any CPU
	EndGlobalSection
	GlobalSection(SolutionProperties) = preSolution
		HideSolutionNode = FALSE
	EndGlobalSection
	GlobalSection(ExtensibilityGlobals) = postSolution
		SolutionGuid = {EA502D68-E225-4454-BA44-E5ED36F6D05B}
	EndGlobalSection
EndGlobal
