
Microsoft Visual Studio Solution File, Format Version 12.00
# Visual Studio Version 17
VisualStudioVersion = 17.8.34330.188
MinimumVisualStudioVersion = 10.0.40219.1
Project("{FAE04EC0-301F-11D3-BF4B-00C04F79EFBC}") = "MVCBook", "MVCBook.csproj", "{75F10341-04E9-4969-BC49-89DC9A68791B}"
EndProject
Global
	GlobalSection(SolutionConfigurationPlatforms) = preSolution
		Debug|Any CPU = Debug|Any CPU
		Release|Any CPU = Release|Any CPU
	EndGlobalSection
	GlobalSection(ProjectConfigurationPlatforms) = postSolution
		{75F10341-04E9-4969-BC49-89DC9A68791B}.Debug|Any CPU.ActiveCfg = Debug|Any CPU
		{75F10341-04E9-4969-BC49-89DC9A68791B}.Debug|Any CPU.Build.0 = Debug|Any CPU
		{75F10341-04E9-4969-BC49-89DC9A68791B}.Release|Any CPU.ActiveCfg = Release|Any CPU
		{75F10341-04E9-4969-BC49-89DC9A68791B}.Release|Any CPU.Build.0 = Release|Any CPU
	EndGlobalSection
	GlobalSection(SolutionProperties) = preSolution
		HideSolutionNode = FALSE
	EndGlobalSection
	GlobalSection(ExtensibilityGlobals) = postSolution
		SolutionGuid = {E95952B3-9460-4A37-96FC-545EDF1F7AA3}
	EndGlobalSection
EndGlobal
