
Microsoft Visual Studio Solution File, Format Version 12.00
# Visual Studio Version 17
VisualStudioVersion = 17.8.34330.188
MinimumVisualStudioVersion = 10.0.40219.1
Project("{FAE04EC0-301F-11D3-BF4B-00C04F79EFBC}") = "App1", "App1\App1.csproj", "{2D27C163-AE17-4786-B210-E20EECB5DF88}"
EndProject
Project("{FAE04EC0-301F-11D3-BF4B-00C04F79EFBC}") = "Contructors", "Contructors\Contructors.csproj", "{3DB208B8-9AA2-4413-8270-2153666135EB}"
EndProject
Global
	GlobalSection(SolutionConfigurationPlatforms) = preSolution
		Debug|Any CPU = Debug|Any CPU
		Release|Any CPU = Release|Any CPU
	EndGlobalSection
	GlobalSection(ProjectConfigurationPlatforms) = postSolution
		{2D27C163-AE17-4786-B210-E20EECB5DF88}.Debug|Any CPU.ActiveCfg = Debug|Any CPU
		{2D27C163-AE17-4786-B210-E20EECB5DF88}.Debug|Any CPU.Build.0 = Debug|Any CPU
		{2D27C163-AE17-4786-B210-E20EECB5DF88}.Release|Any CPU.ActiveCfg = Release|Any CPU
		{2D27C163-AE17-4786-B210-E20EECB5DF88}.Release|Any CPU.Build.0 = Release|Any CPU
		{3DB208B8-9AA2-4413-8270-2153666135EB}.Debug|Any CPU.ActiveCfg = Debug|Any CPU
		{3DB208B8-9AA2-4413-8270-2153666135EB}.Debug|Any CPU.Build.0 = Debug|Any CPU
		{3DB208B8-9AA2-4413-8270-2153666135EB}.Release|Any CPU.ActiveCfg = Release|Any CPU
		{3DB208B8-9AA2-4413-8270-2153666135EB}.Release|Any CPU.Build.0 = Release|Any CPU
	EndGlobalSection
	GlobalSection(SolutionProperties) = preSolution
		HideSolutionNode = FALSE
	EndGlobalSection
	GlobalSection(ExtensibilityGlobals) = postSolution
		SolutionGuid = {A5505710-74AD-4AA3-8BD0-0EBDF8EDEE27}
	EndGlobalSection
EndGlobal
